
Microsoft Visual Studio Solution File, Format Version 12.00
# Visual Studio 15
VisualStudioVersion = 15.0.27130.0
MinimumVisualStudioVersion = 10.0.40219.1
Project("{FAE04EC0-301F-11D3-BF4B-00C04F79EFBC}") = "MyFirstCoreWebApplication", "MyFirstCoreWebApplication\MyFirstCoreWebApplication.csproj", "{D524915A-93CC-4C01-9866-A7C27E0C1FED}"
EndProject
Global
	GlobalSection(SolutionConfigurationPlatforms) = preSolution
		Debug|Any CPU = Debug|Any CPU
		Release|Any CPU = Release|Any CPU
	EndGlobalSection
	GlobalSection(ProjectConfigurationPlatforms) = postSolution
		{D524915A-93CC-4C01-9866-A7C27E0C1FED}.Debug|Any CPU.ActiveCfg = Debug|Any CPU
		{D524915A-93CC-4C01-9866-A7C27E0C1FED}.Debug|Any CPU.Build.0 = Debug|Any CPU
		{D524915A-93CC-4C01-9866-A7C27E0C1FED}.Release|Any CPU.ActiveCfg = Release|Any CPU
		{D524915A-93CC-4C01-9866-A7C27E0C1FED}.Release|Any CPU.Build.0 = Release|Any CPU
	EndGlobalSection
	GlobalSection(SolutionProperties) = preSolution
		HideSolutionNode = FALSE
	EndGlobalSection
	GlobalSection(ExtensibilityGlobals) = postSolution
		SolutionGuid = {EDD09573-A6C8-4308-B094-C1A6875E4780}
	EndGlobalSection
EndGlobal
